// !$*UTF8*$!
{
	archiveVersion = 1;
	classes = {
	};
	objectVersion = 55;
	objects = {

/* Begin PBXBuildFile section */
		9EA61AC0A368E33CAAB1931A /* Pods_LoginSample.framework in Frameworks */ = {isa = PBXBuildFile; fileRef = 0724763D8F6370827A34232B /* Pods_LoginSample.framework */; };
		B418FC1E28BF22BB0055A99F /* AppDelegate.swift in Sources */ = {isa = PBXBuildFile; fileRef = B418FC1D28BF22BB0055A99F /* AppDelegate.swift */; };
		B418FC2028BF22BB0055A99F /* SceneDelegate.swift in Sources */ = {isa = PBXBuildFile; fileRef = B418FC1F28BF22BB0055A99F /* SceneDelegate.swift */; };
		B418FC2528BF22BC0055A99F /* Main.storyboard in Resources */ = {isa = PBXBuildFile; fileRef = B418FC2328BF22BC0055A99F /* Main.storyboard */; };
		B418FC2728BF22BC0055A99F /* Assets.xcassets in Resources */ = {isa = PBXBuildFile; fileRef = B418FC2628BF22BC0055A99F /* Assets.xcassets */; };
		B418FC2A28BF22BC0055A99F /* LaunchScreen.storyboard in Resources */ = {isa = PBXBuildFile; fileRef = B418FC2828BF22BC0055A99F /* LaunchScreen.storyboard */; };
		B418FC3228BF23200055A99F /* LoginViewController.swift in Sources */ = {isa = PBXBuildFile; fileRef = B418FC3128BF23200055A99F /* LoginViewController.swift */; };
		B4C4DFCE28BF29F200A001FA /* EnterEmailViewController.swift in Sources */ = {isa = PBXBuildFile; fileRef = B4C4DFCD28BF29F200A001FA /* EnterEmailViewController.swift */; };
		B4C4DFD028BF2F1200A001FA /* MainViewController.swift in Sources */ = {isa = PBXBuildFile; fileRef = B4C4DFCF28BF2F1200A001FA /* MainViewController.swift */; };
		B4C4DFD228BF313500A001FA /* GoogleService-Info-2.plist in Resources */ = {isa = PBXBuildFile; fileRef = B4C4DFD128BF313500A001FA /* GoogleService-Info-2.plist */; };
		B4C4DFD528BF324900A001FA /* FirebaseAuth in Frameworks */ = {isa = PBXBuildFile; productRef = B4C4DFD428BF324900A001FA /* FirebaseAuth */; };
/* End PBXBuildFile section */

/* Begin PBXFileReference section */
		0724763D8F6370827A34232B /* Pods_LoginSample.framework */ = {isa = PBXFileReference; explicitFileType = wrapper.framework; includeInIndex = 0; path = Pods_LoginSample.framework; sourceTree = BUILT_PRODUCTS_DIR; };
		5C937D33C516CE47B84D7D3C /* Pods-LoginSample.release.xcconfig */ = {isa = PBXFileReference; includeInIndex = 1; lastKnownFileType = text.xcconfig; name = "Pods-LoginSample.release.xcconfig"; path = "Target Support Files/Pods-LoginSample/Pods-LoginSample.release.xcconfig"; sourceTree = "<group>"; };
		B418FC1A28BF22BB0055A99F /* LoginSample.app */ = {isa = PBXFileReference; explicitFileType = wrapper.application; includeInIndex = 0; path = LoginSample.app; sourceTree = BUILT_PRODUCTS_DIR; };
		B418FC1D28BF22BB0055A99F /* AppDelegate.swift */ = {isa = PBXFileReference; lastKnownFileType = sourcecode.swift; path = AppDelegate.swift; sourceTree = "<group>"; };
		B418FC1F28BF22BB0055A99F /* SceneDelegate.swift */ = {isa = PBXFileReference; lastKnownFileType = sourcecode.swift; path = SceneDelegate.swift; sourceTree = "<group>"; };
		B418FC2428BF22BC0055A99F /* Base */ = {isa = PBXFileReference; lastKnownFileType = file.storyboard; name = Base; path = Base.lproj/Main.storyboard; sourceTree = "<group>"; };
		B418FC2628BF22BC0055A99F /* Assets.xcassets */ = {isa = PBXFileReference; lastKnownFileType = folder.assetcatalog; path = Assets.xcassets; sourceTree = "<group>"; };
		B418FC2928BF22BC0055A99F /* Base */ = {isa = PBXFileReference; lastKnownFileType = file.storyboard; name = Base; path = Base.lproj/LaunchScreen.storyboard; sourceTree = "<group>"; };
		B418FC2B28BF22BC0055A99F /* Info.plist */ = {isa = PBXFileReference; lastKnownFileType = text.plist.xml; path = Info.plist; sourceTree = "<group>"; };
		B418FC3128BF23200055A99F /* LoginViewController.swift */ = {isa = PBXFileReference; lastKnownFileType = sourcecode.swift; path = LoginViewController.swift; sourceTree = "<group>"; };
		B4C4DFCD28BF29F200A001FA /* EnterEmailViewController.swift */ = {isa = PBXFileReference; lastKnownFileType = sourcecode.swift; path = EnterEmailViewController.swift; sourceTree = "<group>"; };
		B4C4DFCF28BF2F1200A001FA /* MainViewController.swift */ = {isa = PBXFileReference; lastKnownFileType = sourcecode.swift; path = MainViewController.swift; sourceTree = "<group>"; };
		B4C4DFD128BF313500A001FA /* GoogleService-Info-2.plist */ = {isa = PBXFileReference; fileEncoding = 4; lastKnownFileType = text.plist.xml; name = "GoogleService-Info-2.plist"; path = "../../../Downloads/GoogleService-Info-2.plist"; sourceTree = "<group>"; };
		F5172D5D05E13981E70E32C8 /* Pods-LoginSample.debug.xcconfig */ = {isa = PBXFileReference; includeInIndex = 1; lastKnownFileType = text.xcconfig; name = "Pods-LoginSample.debug.xcconfig"; path = "Target Support Files/Pods-LoginSample/Pods-LoginSample.debug.xcconfig"; sourceTree = "<group>"; };
/* End PBXFileReference section */

/* Begin PBXFrameworksBuildPhase section */
		B418FC1728BF22BB0055A99F /* Frameworks */ = {
			isa = PBXFrameworksBuildPhase;
			buildActionMask = 2147483647;
			files = (
				B4C4DFD528BF324900A001FA /* FirebaseAuth in Frameworks */,
				9EA61AC0A368E33CAAB1931A /* Pods_LoginSample.framework in Frameworks */,
			);
			runOnlyForDeploymentPostprocessing = 0;
		};
/* End PBXFrameworksBuildPhase section */

/* Begin PBXGroup section */
		7ACDAEC5D623E069F913A898 /* Frameworks */ = {
			isa = PBXGroup;
			children = (
				0724763D8F6370827A34232B /* Pods_LoginSample.framework */,
			);
			name = Frameworks;
			sourceTree = "<group>";
		};
		B418FC1128BF22BB0055A99F = {
			isa = PBXGroup;
			children = (
				B418FC1C28BF22BB0055A99F /* LoginSample */,
				B418FC1B28BF22BB0055A99F /* Products */,
				FD6EDDD06ECA87A1874FBFF1 /* Pods */,
				7ACDAEC5D623E069F913A898 /* Frameworks */,
			);
			sourceTree = "<group>";
		};
		B418FC1B28BF22BB0055A99F /* Products */ = {
			isa = PBXGroup;
			children = (
				B418FC1A28BF22BB0055A99F /* LoginSample.app */,
			);
			name = Products;
			sourceTree = "<group>";
		};
		B418FC1C28BF22BB0055A99F /* LoginSample */ = {
			isa = PBXGroup;
			children = (
				B4C4DFD128BF313500A001FA /* GoogleService-Info-2.plist */,
				B418FC1D28BF22BB0055A99F /* AppDelegate.swift */,
				B418FC1F28BF22BB0055A99F /* SceneDelegate.swift */,
				B418FC2328BF22BC0055A99F /* Main.storyboard */,
				B418FC2628BF22BC0055A99F /* Assets.xcassets */,
				B418FC2828BF22BC0055A99F /* LaunchScreen.storyboard */,
				B418FC2B28BF22BC0055A99F /* Info.plist */,
				B418FC3128BF23200055A99F /* LoginViewController.swift */,
				B4C4DFCD28BF29F200A001FA /* EnterEmailViewController.swift */,
				B4C4DFCF28BF2F1200A001FA /* MainViewController.swift */,
			);
			path = LoginSample;
			sourceTree = "<group>";
		};
		FD6EDDD06ECA87A1874FBFF1 /* Pods */ = {
			isa = PBXGroup;
			children = (
				F5172D5D05E13981E70E32C8 /* Pods-LoginSample.debug.xcconfig */,
				5C937D33C516CE47B84D7D3C /* Pods-LoginSample.release.xcconfig */,
			);
			name = Pods;
			path = Pods;
			sourceTree = "<group>";
		};
/* End PBXGroup section */

/* Begin PBXNativeTarget section */
		B418FC1928BF22BB0055A99F /* LoginSample */ = {
			isa = PBXNativeTarget;
			buildConfigurationList = B418FC2E28BF22BC0055A99F /* Build configuration list for PBXNativeTarget "LoginSample" */;
			buildPhases = (
				1F8EF2459227CF0E2688B5E9 /* [CP] Check Pods Manifest.lock */,
				B418FC1628BF22BB0055A99F /* Sources */,
				B418FC1728BF22BB0055A99F /* Frameworks */,
				B418FC1828BF22BB0055A99F /* Resources */,
			);
			buildRules = (
			);
			dependencies = (
			);
			name = LoginSample;
			packageProductDependencies = (
				B4C4DFD428BF324900A001FA /* FirebaseAuth */,
			);
			productName = LoginSample;
			productReference = B418FC1A28BF22BB0055A99F /* LoginSample.app */;
			productType = "com.apple.product-type.application";
		};
/* End PBXNativeTarget section */

/* Begin PBXProject section */
		B418FC1228BF22BB0055A99F /* Project object */ = {
			isa = PBXProject;
			attributes = {
				BuildIndependentTargetsInParallel = 1;
				LastSwiftUpdateCheck = 1340;
				LastUpgradeCheck = 1340;
				TargetAttributes = {
					B418FC1928BF22BB0055A99F = {
						CreatedOnToolsVersion = 13.4.1;
					};
				};
			};
			buildConfigurationList = B418FC1528BF22BB0055A99F /* Build configuration list for PBXProject "LoginSample" */;
			compatibilityVersion = "Xcode 13.0";
			developmentRegion = en;
			hasScannedForEncodings = 0;
			knownRegions = (
				en,
				Base,
			);
			mainGroup = B418FC1128BF22BB0055A99F;
			packageReferences = (
				B4C4DFD328BF324900A001FA /* XCRemoteSwiftPackageReference "firebase-ios-sdk" */,
			);
			productRefGroup = B418FC1B28BF22BB0055A99F /* Products */;
			projectDirPath = "";
			projectRoot = "";
			targets = (
				B418FC1928BF22BB0055A99F /* LoginSample */,
			);
		};
/* End PBXProject section */

/* Begin PBXResourcesBuildPhase section */
		B418FC1828BF22BB0055A99F /* Resources */ = {
			isa = PBXResourcesBuildPhase;
			buildActionMask = 2147483647;
			files = (
				B418FC2A28BF22BC0055A99F /* LaunchScreen.storyboard in Resources */,
				B418FC2728BF22BC0055A99F /* Assets.xcassets in Resources */,
				B4C4DFD228BF313500A001FA /* GoogleService-Info-2.plist in Resources */,
				B418FC2528BF22BC0055A99F /* Main.storyboard in Resources */,
			);
			runOnlyForDeploymentPostprocessing = 0;
		};
/* End PBXResourcesBuildPhase section */

/* Begin PBXShellScriptBuildPhase section */
		1F8EF2459227CF0E2688B5E9 /* [CP] Check Pods Manifest.lock */ = {
			isa = PBXShellScriptBuildPhase;
			buildActionMask = 2147483647;
			files = (
			);
			inputFileListPaths = (
			);
			inputPaths = (
				"${PODS_PODFILE_DIR_PATH}/Podfile.lock",
				"${PODS_ROOT}/Manifest.lock",
			);
			name = "[CP] Check Pods Manifest.lock";
			outputFileListPaths = (
			);
			outputPaths = (
				"$(DERIVED_FILE_DIR)/Pods-LoginSample-checkManifestLockResult.txt",
			);
			runOnlyForDeploymentPostprocessing = 0;
			shellPath = /bin/sh;
			shellScript = "diff \"${PODS_PODFILE_DIR_PATH}/Podfile.lock\" \"${PODS_ROOT}/Manifest.lock\" > /dev/null\nif [ $? != 0 ] ; then\n    # print error to STDERR\n    echo \"error: The sandbox is not in sync with the Podfile.lock. Run 'pod install' or update your CocoaPods installation.\" >&2\n    exit 1\nfi\n# This output is used by Xcode 'outputs' to avoid re-running this script phase.\necho \"SUCCESS\" > \"${SCRIPT_OUTPUT_FILE_0}\"\n";
			showEnvVarsInLog = 0;
		};
/* End PBXShellScriptBuildPhase section */

/* Begin PBXSourcesBuildPhase section */
		B418FC1628BF22BB0055A99F /* Sources */ = {
			isa = PBXSourcesBuildPhase;
			buildActionMask = 2147483647;
			files = (
				B418FC3228BF23200055A99F /* LoginViewController.swift in Sources */,
				B418FC1E28BF22BB0055A99F /* AppDelegate.swift in Sources */,
				B4C4DFCE28BF29F200A001FA /* EnterEmailViewController.swift in Sources */,
				B418FC2028BF22BB0055A99F /* SceneDelegate.swift in Sources */,
				B4C4DFD028BF2F1200A001FA /* MainViewController.swift in Sources */,
			);
			runOnlyForDeploymentPostprocessing = 0;
		};
/* End PBXSourcesBuildPhase section */

/* Begin PBXVariantGroup section */
		B418FC2328BF22BC0055A99F /* Main.storyboard */ = {
			isa = PBXVariantGroup;
			children = (
				B418FC2428BF22BC0055A99F /* Base */,
			);
			name = Main.storyboard;
			sourceTree = "<group>";
		};
		B418FC2828BF22BC0055A99F /* LaunchScreen.storyboard */ = {
			isa = PBXVariantGroup;
			children = (
				B418FC2928BF22BC0055A99F /* Base */,
			);
			name = LaunchScreen.storyboard;
			sourceTree = "<group>";
		};
/* End PBXVariantGroup section */

/* Begin XCBuildConfiguration section */
		B418FC2C28BF22BC0055A99F /* Debug */ = {
			isa = XCBuildConfiguration;
			buildSettings = {
				ALWAYS_SEARCH_USER_PATHS = NO;
				CLANG_ANALYZER_NONNULL = YES;
				CLANG_ANALYZER_NUMBER_OBJECT_CONVERSION = YES_AGGRESSIVE;
				CLANG_CXX_LANGUAGE_STANDARD = "gnu++17";
				CLANG_ENABLE_MODULES = YES;
				CLANG_ENABLE_OBJC_ARC = YES;
				CLANG_ENABLE_OBJC_WEAK = YES;
				CLANG_WARN_BLOCK_CAPTURE_AUTORELEASING = YES;
				CLANG_WARN_BOOL_CONVERSION = YES;
				CLANG_WARN_COMMA = YES;
				CLANG_WARN_CONSTANT_CONVERSION = YES;
				CLANG_WARN_DEPRECATED_OBJC_IMPLEMENTATIONS = YES;
				CLANG_WARN_DIRECT_OBJC_ISA_USAGE = YES_ERROR;
				CLANG_WARN_DOCUMENTATION_COMMENTS = YES;
				CLANG_WARN_EMPTY_BODY = YES;
				CLANG_WARN_ENUM_CONVERSION = YES;
				CLANG_WARN_INFINITE_RECURSION = YES;
				CLANG_WARN_INT_CONVERSION = YES;
				CLANG_WARN_NON_LITERAL_NULL_CONVERSION = YES;
				CLANG_WARN_OBJC_IMPLICIT_RETAIN_SELF = YES;
				CLANG_WARN_OBJC_LITERAL_CONVERSION = YES;
				CLANG_WARN_OBJC_ROOT_CLASS = YES_ERROR;
				CLANG_WARN_QUOTED_INCLUDE_IN_FRAMEWORK_HEADER = YES;
				CLANG_WARN_RANGE_LOOP_ANALYSIS = YES;
				CLANG_WARN_STRICT_PROTOTYPES = YES;
				CLANG_WARN_SUSPICIOUS_MOVE = YES;
				CLANG_WARN_UNGUARDED_AVAILABILITY = YES_AGGRESSIVE;
				CLANG_WARN_UNREACHABLE_CODE = YES;
				CLANG_WARN__DUPLICATE_METHOD_MATCH = YES;
				COPY_PHASE_STRIP = NO;
				DEBUG_INFORMATION_FORMAT = dwarf;
				ENABLE_STRICT_OBJC_MSGSEND = YES;
				ENABLE_TESTABILITY = YES;
				GCC_C_LANGUAGE_STANDARD = gnu11;
				GCC_DYNAMIC_NO_PIC = NO;
				GCC_NO_COMMON_BLOCKS = YES;
				GCC_OPTIMIZATION_LEVEL = 0;
				GCC_PREPROCESSOR_DEFINITIONS = (
					"DEBUG=1",
					"$(inherited)",
				);
				GCC_WARN_64_TO_32_BIT_CONVERSION = YES;
				GCC_WARN_ABOUT_RETURN_TYPE = YES_ERROR;
				GCC_WARN_UNDECLARED_SELECTOR = YES;
				GCC_WARN_UNINITIALIZED_AUTOS = YES_AGGRESSIVE;
				GCC_WARN_UNUSED_FUNCTION = YES;
				GCC_WARN_UNUSED_VARIABLE = YES;
				IPHONEOS_DEPLOYMENT_TARGET = 15.5;
				MTL_ENABLE_DEBUG_INFO = INCLUDE_SOURCE;
				MTL_FAST_MATH = YES;
				ONLY_ACTIVE_ARCH = YES;
				SDKROOT = iphoneos;
				SWIFT_ACTIVE_COMPILATION_CONDITIONS = DEBUG;
				SWIFT_OPTIMIZATION_LEVEL = "-Onone";
			};
			name = Debug;
		};
		B418FC2D28BF22BC0055A99F /* Release */ = {
			isa = XCBuildConfiguration;
			buildSettings = {
				ALWAYS_SEARCH_USER_PATHS = NO;
				CLANG_ANALYZER_NONNULL = YES;
				CLANG_ANALYZER_NUMBER_OBJECT_CONVERSION = YES_AGGRESSIVE;
				CLANG_CXX_LANGUAGE_STANDARD = "gnu++17";
				CLANG_ENABLE_MODULES = YES;
				CLANG_ENABLE_OBJC_ARC = YES;
				CLANG_ENABLE_OBJC_WEAK = YES;
				CLANG_WARN_BLOCK_CAPTURE_AUTORELEASING = YES;
				CLANG_WARN_BOOL_CONVERSION = YES;
				CLANG_WARN_COMMA = YES;
				CLANG_WARN_CONSTANT_CONVERSION = YES;
				CLANG_WARN_DEPRECATED_OBJC_IMPLEMENTATIONS = YES;
				CLANG_WARN_DIRECT_OBJC_ISA_USAGE = YES_ERROR;
				CLANG_WARN_DOCUMENTATION_COMMENTS = YES;
				CLANG_WARN_EMPTY_BODY = YES;
				CLANG_WARN_ENUM_CONVERSION = YES;
				CLANG_WARN_INFINITE_RECURSION = YES;
				CLANG_WARN_INT_CONVERSION = YES;
				CLANG_WARN_NON_LITERAL_NULL_CONVERSION = YES;
				CLANG_WARN_OBJC_IMPLICIT_RETAIN_SELF = YES;
				CLANG_WARN_OBJC_LITERAL_CONVERSION = YES;
				CLANG_WARN_OBJC_ROOT_CLASS = YES_ERROR;
				CLANG_WARN_QUOTED_INCLUDE_IN_FRAMEWORK_HEADER = YES;
				CLANG_WARN_RANGE_LOOP_ANALYSIS = YES;
				CLANG_WARN_STRICT_PROTOTYPES = YES;
				CLANG_WARN_SUSPICIOUS_MOVE = YES;
				CLANG_WARN_UNGUARDED_AVAILABILITY = YES_AGGRESSIVE;
				CLANG_WARN_UNREACHABLE_CODE = YES;
				CLANG_WARN__DUPLICATE_METHOD_MATCH = YES;
				COPY_PHASE_STRIP = NO;
				DEBUG_INFORMATION_FORMAT = "dwarf-with-dsym";
				ENABLE_NS_ASSERTIONS = NO;
				ENABLE_STRICT_OBJC_MSGSEND = YES;
				GCC_C_LANGUAGE_STANDARD = gnu11;
				GCC_NO_COMMON_BLOCKS = YES;
				GCC_WARN_64_TO_32_BIT_CONVERSION = YES;
				GCC_WARN_ABOUT_RETURN_TYPE = YES_ERROR;
				GCC_WARN_UNDECLARED_SELECTOR = YES;
				GCC_WARN_UNINITIALIZED_AUTOS = YES_AGGRESSIVE;
				GCC_WARN_UNUSED_FUNCTION = YES;
				GCC_WARN_UNUSED_VARIABLE = YES;
				IPHONEOS_DEPLOYMENT_TARGET = 15.5;
				MTL_ENABLE_DEBUG_INFO = NO;
				MTL_FAST_MATH = YES;
				SDKROOT = iphoneos;
				SWIFT_COMPILATION_MODE = wholemodule;
				SWIFT_OPTIMIZATION_LEVEL = "-O";
				VALIDATE_PRODUCT = YES;
			};
			name = Release;
		};
		B418FC2F28BF22BC0055A99F /* Debug */ = {
			isa = XCBuildConfiguration;
			baseConfigurationReference = F5172D5D05E13981E70E32C8 /* Pods-LoginSample.debug.xcconfig */;
			buildSettings = {
				ASSETCATALOG_COMPILER_APPICON_NAME = AppIcon;
				ASSETCATALOG_COMPILER_GLOBAL_ACCENT_COLOR_NAME = AccentColor;
				CODE_SIGN_STYLE = Automatic;
				CURRENT_PROJECT_VERSION = 1;
				DEVELOPMENT_TEAM = NMLQKC3L6A;
				GENERATE_INFOPLIST_FILE = YES;
				INFOPLIST_FILE = LoginSample/Info.plist;
				INFOPLIST_KEY_UIApplicationSupportsIndirectInputEvents = YES;
				INFOPLIST_KEY_UILaunchStoryboardName = LaunchScreen;
				INFOPLIST_KEY_UIMainStoryboardFile = Main;
				INFOPLIST_KEY_UISupportedInterfaceOrientations_iPad = "UIInterfaceOrientationPortrait UIInterfaceOrientationPortraitUpsideDown UIInterfaceOrientationLandscapeLeft UIInterfaceOrientationLandscapeRight";
				INFOPLIST_KEY_UISupportedInterfaceOrientations_iPhone = "UIInterfaceOrientationPortrait UIInterfaceOrientationLandscapeLeft UIInterfaceOrientationLandscapeRight";
				LD_RUNPATH_SEARCH_PATHS = (
					"$(inherited)",
					"@executable_path/Frameworks",
				);
				MARKETING_VERSION = 1.0;
				PRODUCT_BUNDLE_IDENTIFIER = com.hylee.LoginSample;
				PRODUCT_NAME = "$(TARGET_NAME)";
				SWIFT_EMIT_LOC_STRINGS = YES;
				SWIFT_VERSION = 5.0;
				TARGETED_DEVICE_FAMILY = "1,2";
			};
			name = Debug;
		};
		B418FC3028BF22BC0055A99F /* Release */ = {
			isa = XCBuildConfiguration;
			baseConfigurationReference = 5C937D33C516CE47B84D7D3C /* Pods-LoginSample.release.xcconfig */;
			buildSettings = {
				ASSETCATALOG_COMPILER_APPICON_NAME = AppIcon;
				ASSETCATALOG_COMPILER_GLOBAL_ACCENT_COLOR_NAME = AccentColor;
				CODE_SIGN_STYLE = Automatic;
				CURRENT_PROJECT_VERSION = 1;
				DEVELOPMENT_TEAM = NMLQKC3L6A;
				GENERATE_INFOPLIST_FILE = YES;
				INFOPLIST_FILE = LoginSample/Info.plist;
				INFOPLIST_KEY_UIApplicationSupportsIndirectInputEvents = YES;
				INFOPLIST_KEY_UILaunchStoryboardName = LaunchScreen;
				INFOPLIST_KEY_UIMainStoryboardFile = Main;
				INFOPLIST_KEY_UISupportedInterfaceOrientations_iPad = "UIInterfaceOrientationPortrait UIInterfaceOrientationPortraitUpsideDown UIInterfaceOrientationLandscapeLeft UIInterfaceOrientationLandscapeRight";
				INFOPLIST_KEY_UISupportedInterfaceOrientations_iPhone = "UIInterfaceOrientationPortrait UIInterfaceOrientationLandscapeLeft UIInterfaceOrientationLandscapeRight";
				LD_RUNPATH_SEARCH_PATHS = (
					"$(inherited)",
					"@executable_path/Frameworks",
				);
				MARKETING_VERSION = 1.0;
				PRODUCT_BUNDLE_IDENTIFIER = com.hylee.LoginSample;
				PRODUCT_NAME = "$(TARGET_NAME)";
				SWIFT_EMIT_LOC_STRINGS = YES;
				SWIFT_VERSION = 5.0;
				TARGETED_DEVICE_FAMILY = "1,2";
			};
			name = Release;
		};
/* End XCBuildConfiguration section */

/* Begin XCConfigurationList section */
		B418FC1528BF22BB0055A99F /* Build configuration list for PBXProject "LoginSample" */ = {
			isa = XCConfigurationList;
			buildConfigurations = (
				B418FC2C28BF22BC0055A99F /* Debug */,
				B418FC2D28BF22BC0055A99F /* Release */,
			);
			defaultConfigurationIsVisible = 0;
			defaultConfigurationName = Release;
		};
		B418FC2E28BF22BC0055A99F /* Build configuration list for PBXNativeTarget "LoginSample" */ = {
			isa = XCConfigurationList;
			buildConfigurations = (
				B418FC2F28BF22BC0055A99F /* Debug */,
				B418FC3028BF22BC0055A99F /* Release */,
			);
			defaultConfigurationIsVisible = 0;
			defaultConfigurationName = Release;
		};
/* End XCConfigurationList section */

/* Begin XCRemoteSwiftPackageReference section */
		B4C4DFD328BF324900A001FA /* XCRemoteSwiftPackageReference "firebase-ios-sdk" */ = {
			isa = XCRemoteSwiftPackageReference;
			repositoryURL = "https://github.com/firebase/firebase-ios-sdk";
			requirement = {
				kind = upToNextMajorVersion;
				minimumVersion = 9.0.0;
			};
		};
/* End XCRemoteSwiftPackageReference section */

/* Begin XCSwiftPackageProductDependency section */
		B4C4DFD428BF324900A001FA /* FirebaseAuth */ = {
			isa = XCSwiftPackageProductDependency;
			package = B4C4DFD328BF324900A001FA /* XCRemoteSwiftPackageReference "firebase-ios-sdk" */;
			productName = FirebaseAuth;
		};
/* End XCSwiftPackageProductDependency section */
	};
	rootObject = B418FC1228BF22BB0055A99F /* Project object */;
}
